<?xml version="1.0" encoding="UTF-8" standalone="yes" ?>
<CodeBlocks_project_file>
	<FileVersion major="1" minor="6" />
	<Project>
		<Option title="CB-GCC_WIN32" />
		<Option pch_mode="2" />
		<Option compiler="gcc" />
		<Build>
			<Target title="Debug">
				<Option output="bin/Debug/CB-GCC_WIN32" prefix_auto="1" extension_auto="1" />
				<Option object_output="obj/Debug/" />
				<Option type="1" />
				<Option compiler="gcc" />
				<Compiler>
					<Add option="-g" />
				</Compiler>
			</Target>
			<Target title="Release">
				<Option output="bin/Release/CB-GCC_WIN32" prefix_auto="1" extension_auto="1" />
				<Option object_output="obj/Release/" />
				<Option type="1" />
				<Option compiler="gcc" />
				<Compiler>
					<Add option="-O2" />
				</Compiler>
				<Linker>
					<Add option="-s" />
				</Linker>
			</Target>
		</Build>
		<Compiler>
			<Add option="-Wall" />
			<Add directory="." />
			<Add directory="../../include" />
			<Add directory="../../include/port/WIN32" />
		</Compiler>
		<Unit filename="../../include/nOS.h" />
		<Unit filename="../../include/port/WIN32/nOSPort.h" />
		<Unit filename="../../source/nOSAlarm.c">
			<Option compilerVar="CC" />
		</Unit>
		<Unit filename="../../source/nOSEvent.c">
			<Option compilerVar="CC" />
		</Unit>
		<Unit filename="../../source/nOSFlag.c">
			<Option compilerVar="CC" />
		</Unit>
		<Unit filename="../../source/nOSList.c">
			<Option compilerVar="CC" />
		</Unit>
		<Unit filename="../../source/nOSMem.c">
			<Option compilerVar="CC" />
		</Unit>
		<Unit filename="../../source/nOSMutex.c">
			<Option compilerVar="CC" />
		</Unit>
		<Unit filename="../../source/nOSQueue.c">
			<Option compilerVar="CC" />
		</Unit>
		<Unit filename="../../source/nOSSched.c">
			<Option compilerVar="CC" />
		</Unit>
		<Unit filename="../../source/nOSSem.c">
			<Option compilerVar="CC" />
		</Unit>
		<Unit filename="../../source/nOSSignal.c">
			<Option compilerVar="CC" />
		</Unit>
		<Unit filename="../../source/nOSThread.c">
			<Option compilerVar="CC" />
		</Unit>
		<Unit filename="../../source/nOSTime.c">
			<Option compilerVar="CC" />
		</Unit>
		<Unit filename="../../source/nOSTimer.c">
			<Option compilerVar="CC" />
		</Unit>
		<Unit filename="../../source/port/WIN32/nOSPort.c">
			<Option compilerVar="CC" />
		</Unit>
		<Unit filename="main.c">
			<Option compilerVar="CC" />
		</Unit>
		<Unit filename="nOSConfig.h" />
		<Extensions>
			<code_completion />
			<envvars />
			<debugger />
			<lib_finder disable_auto="1" />
		</Extensions>
	</Project>
</CodeBlocks_project_file>
